
Microsoft Visual Studio Solution File, Format Version 12.00
# Visual Studio 2012
Project("{FAE04EC0-301F-11D3-BF4B-00C04F79EFBC}") = "VaultPluginWizard", "Wizard\VaultPluginWizard.csproj", "{7F6DA747-729E-4C91-A44F-7FD9670961EE}"
EndProject
Project("{FAE04EC0-301F-11D3-BF4B-00C04F79EFBC}") = "XmlConfigurator", "XmlConfigurator2010\XmlConfigurator.csproj", "{A045EA66-7719-41B9-A422-0392885A595C}"
EndProject
Project("{930C7802-8A8C-48F9-8165-68863BCCD9DD}") = "VaultWizardInstaller", "VaultWizardInstaller\VaultWizardInstaller.wixproj", "{BDDA0BDF-9E4E-4577-8B1B-BC0A136B8924}"
EndProject
Project("{FAE04EC0-301F-11D3-BF4B-00C04F79EFBC}") = "VaultPluginCSharp", "VaultPluginCSharp\VaultPluginCSharp.csproj", "{6129DBE0-5029-47A9-8B74-BAE03A27B838}"
EndProject
Project("{F184B08F-C81C-45F6-A57F-5ABD9991F28F}") = "VaultPluginVb", "VaultPluginVb\VaultPluginVb.vbproj", "{4A9AEDF2-D28D-4831-8043-D7AB3FD4F3B2}"
EndProject
Global
	GlobalSection(SolutionConfigurationPlatforms) = preSolution
		Debug|Any CPU = Debug|Any CPU
		Debug|Mixed Platforms = Debug|Mixed Platforms
		Debug|x86 = Debug|x86
		Release|Any CPU = Release|Any CPU
		Release|Mixed Platforms = Release|Mixed Platforms
		Release|x86 = Release|x86
	EndGlobalSection
	GlobalSection(ProjectConfigurationPlatforms) = postSolution
		{7F6DA747-729E-4C91-A44F-7FD9670961EE}.Debug|Any CPU.ActiveCfg = Debug|Any CPU
		{7F6DA747-729E-4C91-A44F-7FD9670961EE}.Debug|Any CPU.Build.0 = Debug|Any CPU
		{7F6DA747-729E-4C91-A44F-7FD9670961EE}.Debug|Mixed Platforms.ActiveCfg = Debug|Any CPU
		{7F6DA747-729E-4C91-A44F-7FD9670961EE}.Debug|Mixed Platforms.Build.0 = Debug|Any CPU
		{7F6DA747-729E-4C91-A44F-7FD9670961EE}.Debug|x86.ActiveCfg = Debug|Any CPU
		{7F6DA747-729E-4C91-A44F-7FD9670961EE}.Release|Any CPU.ActiveCfg = Release|Any CPU
		{7F6DA747-729E-4C91-A44F-7FD9670961EE}.Release|Any CPU.Build.0 = Release|Any CPU
		{7F6DA747-729E-4C91-A44F-7FD9670961EE}.Release|Mixed Platforms.ActiveCfg = Release|Any CPU
		{7F6DA747-729E-4C91-A44F-7FD9670961EE}.Release|Mixed Platforms.Build.0 = Release|Any CPU
		{7F6DA747-729E-4C91-A44F-7FD9670961EE}.Release|x86.ActiveCfg = Release|Any CPU
		{A045EA66-7719-41B9-A422-0392885A595C}.Debug|Any CPU.ActiveCfg = Debug|Any CPU
		{A045EA66-7719-41B9-A422-0392885A595C}.Debug|Any CPU.Build.0 = Debug|Any CPU
		{A045EA66-7719-41B9-A422-0392885A595C}.Debug|Mixed Platforms.ActiveCfg = Debug|Any CPU
		{A045EA66-7719-41B9-A422-0392885A595C}.Debug|Mixed Platforms.Build.0 = Debug|Any CPU
		{A045EA66-7719-41B9-A422-0392885A595C}.Debug|x86.ActiveCfg = Debug|Any CPU
		{A045EA66-7719-41B9-A422-0392885A595C}.Release|Any CPU.ActiveCfg = Release|Any CPU
		{A045EA66-7719-41B9-A422-0392885A595C}.Release|Any CPU.Build.0 = Release|Any CPU
		{A045EA66-7719-41B9-A422-0392885A595C}.Release|Mixed Platforms.ActiveCfg = Release|Any CPU
		{A045EA66-7719-41B9-A422-0392885A595C}.Release|Mixed Platforms.Build.0 = Release|Any CPU
		{A045EA66-7719-41B9-A422-0392885A595C}.Release|x86.ActiveCfg = Release|Any CPU
		{BDDA0BDF-9E4E-4577-8B1B-BC0A136B8924}.Debug|Any CPU.ActiveCfg = Debug|x86
		{BDDA0BDF-9E4E-4577-8B1B-BC0A136B8924}.Debug|Mixed Platforms.ActiveCfg = Debug|x86
		{BDDA0BDF-9E4E-4577-8B1B-BC0A136B8924}.Debug|Mixed Platforms.Build.0 = Debug|x86
		{BDDA0BDF-9E4E-4577-8B1B-BC0A136B8924}.Debug|x86.ActiveCfg = Debug|x86
		{BDDA0BDF-9E4E-4577-8B1B-BC0A136B8924}.Debug|x86.Build.0 = Debug|x86
		{BDDA0BDF-9E4E-4577-8B1B-BC0A136B8924}.Release|Any CPU.ActiveCfg = Release|x86
		{BDDA0BDF-9E4E-4577-8B1B-BC0A136B8924}.Release|Mixed Platforms.ActiveCfg = Release|x86
		{BDDA0BDF-9E4E-4577-8B1B-BC0A136B8924}.Release|Mixed Platforms.Build.0 = Release|x86
		{BDDA0BDF-9E4E-4577-8B1B-BC0A136B8924}.Release|x86.ActiveCfg = Release|x86
		{BDDA0BDF-9E4E-4577-8B1B-BC0A136B8924}.Release|x86.Build.0 = Release|x86
		{6129DBE0-5029-47A9-8B74-BAE03A27B838}.Debug|Any CPU.ActiveCfg = Debug|Any CPU
		{6129DBE0-5029-47A9-8B74-BAE03A27B838}.Debug|Any CPU.Build.0 = Debug|Any CPU
		{6129DBE0-5029-47A9-8B74-BAE03A27B838}.Debug|Mixed Platforms.ActiveCfg = Debug|Any CPU
		{6129DBE0-5029-47A9-8B74-BAE03A27B838}.Debug|Mixed Platforms.Build.0 = Debug|Any CPU
		{6129DBE0-5029-47A9-8B74-BAE03A27B838}.Debug|x86.ActiveCfg = Debug|Any CPU
		{6129DBE0-5029-47A9-8B74-BAE03A27B838}.Release|Any CPU.ActiveCfg = Release|Any CPU
		{6129DBE0-5029-47A9-8B74-BAE03A27B838}.Release|Any CPU.Build.0 = Release|Any CPU
		{6129DBE0-5029-47A9-8B74-BAE03A27B838}.Release|Mixed Platforms.ActiveCfg = Release|Any CPU
		{6129DBE0-5029-47A9-8B74-BAE03A27B838}.Release|Mixed Platforms.Build.0 = Release|Any CPU
		{6129DBE0-5029-47A9-8B74-BAE03A27B838}.Release|x86.ActiveCfg = Release|Any CPU
		{4A9AEDF2-D28D-4831-8043-D7AB3FD4F3B2}.Debug|Any CPU.ActiveCfg = Debug|Any CPU
		{4A9AEDF2-D28D-4831-8043-D7AB3FD4F3B2}.Debug|Any CPU.Build.0 = Debug|Any CPU
		{4A9AEDF2-D28D-4831-8043-D7AB3FD4F3B2}.Debug|Mixed Platforms.ActiveCfg = Debug|Any CPU
		{4A9AEDF2-D28D-4831-8043-D7AB3FD4F3B2}.Debug|Mixed Platforms.Build.0 = Debug|Any CPU
		{4A9AEDF2-D28D-4831-8043-D7AB3FD4F3B2}.Debug|x86.ActiveCfg = Debug|Any CPU
		{4A9AEDF2-D28D-4831-8043-D7AB3FD4F3B2}.Release|Any CPU.ActiveCfg = Release|Any CPU
		{4A9AEDF2-D28D-4831-8043-D7AB3FD4F3B2}.Release|Any CPU.Build.0 = Release|Any CPU
		{4A9AEDF2-D28D-4831-8043-D7AB3FD4F3B2}.Release|Mixed Platforms.ActiveCfg = Release|Any CPU
		{4A9AEDF2-D28D-4831-8043-D7AB3FD4F3B2}.Release|Mixed Platforms.Build.0 = Release|Any CPU
		{4A9AEDF2-D28D-4831-8043-D7AB3FD4F3B2}.Release|x86.ActiveCfg = Release|Any CPU
	EndGlobalSection
	GlobalSection(SolutionProperties) = preSolution
		HideSolutionNode = FALSE
	EndGlobalSection
EndGlobal
